
Microsoft Visual Studio Solution File, Format Version 12.00
# Visual Studio Version 17
Project("{8BC9CEB8-8B4A-11D0-8D11-00A0C91BC942}") = "ALL_BUILD", "ALL_BUILD.vcxproj", "{A410F4AC-7B71-3392-8EC4-361470BD857E}"
	ProjectSection(ProjectDependencies) = postProject
		{91F2B9EE-1C59-388A-A6EE-17933AFF09F7} = {91F2B9EE-1C59-388A-A6EE-17933AFF09F7}
		{8F8B93D9-3814-3079-95F8-442225479BE5} = {8F8B93D9-3814-3079-95F8-442225479BE5}
	EndProjectSection
EndProject
Project("{8BC9CEB8-8B4A-11D0-8D11-00A0C91BC942}") = "ZERO_CHECK", "ZERO_CHECK.vcxproj", "{91F2B9EE-1C59-388A-A6EE-17933AFF09F7}"
	ProjectSection(ProjectDependencies) = postProject
	EndProjectSection
EndProject
Project("{8BC9CEB8-8B4A-11D0-8D11-00A0C91BC942}") = "output", "output.vcxproj", "{8F8B93D9-3814-3079-95F8-442225479BE5}"
	ProjectSection(ProjectDependencies) = postProject
		{91F2B9EE-1C59-388A-A6EE-17933AFF09F7} = {91F2B9EE-1C59-388A-A6EE-17933AFF09F7}
	EndProjectSection
EndProject
Global
	GlobalSection(SolutionConfigurationPlatforms) = preSolution
		Debug|x64 = Debug|x64
		Release|x64 = Release|x64
		MinSizeRel|x64 = MinSizeRel|x64
		RelWithDebInfo|x64 = RelWithDebInfo|x64
	EndGlobalSection
	GlobalSection(ProjectConfigurationPlatforms) = postSolution
		{A410F4AC-7B71-3392-8EC4-361470BD857E}.Debug|x64.ActiveCfg = Debug|x64
		{A410F4AC-7B71-3392-8EC4-361470BD857E}.Release|x64.ActiveCfg = Release|x64
		{A410F4AC-7B71-3392-8EC4-361470BD857E}.MinSizeRel|x64.ActiveCfg = MinSizeRel|x64
		{A410F4AC-7B71-3392-8EC4-361470BD857E}.RelWithDebInfo|x64.ActiveCfg = RelWithDebInfo|x64
		{91F2B9EE-1C59-388A-A6EE-17933AFF09F7}.Debug|x64.ActiveCfg = Debug|x64
		{91F2B9EE-1C59-388A-A6EE-17933AFF09F7}.Debug|x64.Build.0 = Debug|x64
		{91F2B9EE-1C59-388A-A6EE-17933AFF09F7}.Release|x64.ActiveCfg = Release|x64
		{91F2B9EE-1C59-388A-A6EE-17933AFF09F7}.Release|x64.Build.0 = Release|x64
		{91F2B9EE-1C59-388A-A6EE-17933AFF09F7}.MinSizeRel|x64.ActiveCfg = MinSizeRel|x64
		{91F2B9EE-1C59-388A-A6EE-17933AFF09F7}.MinSizeRel|x64.Build.0 = MinSizeRel|x64
		{91F2B9EE-1C59-388A-A6EE-17933AFF09F7}.RelWithDebInfo|x64.ActiveCfg = RelWithDebInfo|x64
		{91F2B9EE-1C59-388A-A6EE-17933AFF09F7}.RelWithDebInfo|x64.Build.0 = RelWithDebInfo|x64
		{8F8B93D9-3814-3079-95F8-442225479BE5}.Debug|x64.ActiveCfg = Debug|x64
		{8F8B93D9-3814-3079-95F8-442225479BE5}.Debug|x64.Build.0 = Debug|x64
		{8F8B93D9-3814-3079-95F8-442225479BE5}.Release|x64.ActiveCfg = Release|x64
		{8F8B93D9-3814-3079-95F8-442225479BE5}.Release|x64.Build.0 = Release|x64
		{8F8B93D9-3814-3079-95F8-442225479BE5}.MinSizeRel|x64.ActiveCfg = MinSizeRel|x64
		{8F8B93D9-3814-3079-95F8-442225479BE5}.MinSizeRel|x64.Build.0 = MinSizeRel|x64
		{8F8B93D9-3814-3079-95F8-442225479BE5}.RelWithDebInfo|x64.ActiveCfg = RelWithDebInfo|x64
		{8F8B93D9-3814-3079-95F8-442225479BE5}.RelWithDebInfo|x64.Build.0 = RelWithDebInfo|x64
	EndGlobalSection
	GlobalSection(ExtensibilityGlobals) = postSolution
		SolutionGuid = {F69E05E7-2E28-36F4-A9EE-EA143D923C19}
	EndGlobalSection
	GlobalSection(ExtensibilityAddIns) = postSolution
	EndGlobalSection
EndGlobal
