<?xml version="1.0" encoding="utf-8"?>
<Project ToolsVersion="17.0" xmlns="http://schemas.microsoft.com/developer/msbuild/2003">
  <ItemGroup>
    <CustomBuild Include="D:\Code Files\vscode\Cmake\CMakeFiles\49df804d4ad2ef45dd6d83dee0a71ca6\generate.stamp.rule">
      <Filter>CMake Rules</Filter>
    </CustomBuild>
  </ItemGroup>
  <ItemGroup>
    <Filter Include="CMake Rules">
      <UniqueIdentifier>{C001068C-386E-3B93-AFCF-4CA29EDA3563}</UniqueIdentifier>
    </Filter>
  </ItemGroup>
</Project>
